{
  "name": "BYTRIX",
  "lockfileVersion": 3,
  "requires": true,
  "packages": {
    "": {
      "dependencies": {
        "@lottiefiles/dotlottie-web": "^0.49.0"
      }
    },
    "node_modules/@lottiefiles/dotlottie-web": {
      "version": "0.49.0",
      "resolved": "https://registry.npmjs.org/@lottiefiles/dotlottie-web/-/dotlottie-web-0.49.0.tgz",
      "integrity": "sha512-SQ8sDrUrGMM24QWjs0n863SKobMSB9Plz8gbte9RYnLc4TfmQoWxjFgGBTlbGnh/aTQvtpxOxX2ueBohCsCaRQ==",
      "license": "MIT"
    }
  }
}
